
Microsoft Visual Studio Solution File, Format Version 12.00
# Visual Studio Version 17
VisualStudioVersion = 17.2.32317.152
MinimumVisualStudioVersion = 10.0.40219.1
Project("{9A19103F-16F7-4668-BE54-9A1E7A4F7556}") = "EdmontonDrawingValidator", "EdmontonDrawingValidator.csproj", "{0DCA44E0-D816-4E22-95F1-873769233568}"
EndProject
Project("{FAE04EC0-301F-11D3-BF4B-00C04F79EFBC}") = "SharedClasses", "..\SharedClasses\SharedClasses.csproj", "{A30979EA-35E9-0514-DA1C-58AE981BFC0C}"
EndProject
Project("{FAE04EC0-301F-11D3-BF4B-00C04F79EFBC}") = "netDxf", "..\netDxf\netDxf\netDxf.csproj", "{001943B1-E5E4-555F-DBEF-FD2CDF8AC61D}"
EndProject
Global
	GlobalSection(SolutionConfigurationPlatforms) = preSolution
		Debug|Any CPU = Debug|Any CPU
		Debug|x64 = Debug|x64
		Release|Any CPU = Release|Any CPU
		Release|x64 = Release|x64
	EndGlobalSection
	GlobalSection(ProjectConfigurationPlatforms) = postSolution
		{0DCA44E0-D816-4E22-95F1-873769233568}.Debug|Any CPU.ActiveCfg = Debug|Any CPU
		{0DCA44E0-D816-4E22-95F1-873769233568}.Debug|Any CPU.Build.0 = Debug|Any CPU
		{0DCA44E0-D816-4E22-95F1-873769233568}.Debug|x64.ActiveCfg = Debug|Any CPU
		{0DCA44E0-D816-4E22-95F1-873769233568}.Debug|x64.Build.0 = Debug|Any CPU
		{0DCA44E0-D816-4E22-95F1-873769233568}.Release|Any CPU.ActiveCfg = Release|Any CPU
		{0DCA44E0-D816-4E22-95F1-873769233568}.Release|Any CPU.Build.0 = Release|Any CPU
		{0DCA44E0-D816-4E22-95F1-873769233568}.Release|x64.ActiveCfg = Release|Any CPU
		{0DCA44E0-D816-4E22-95F1-873769233568}.Release|x64.Build.0 = Release|Any CPU
		{A30979EA-35E9-0514-DA1C-58AE981BFC0C}.Debug|Any CPU.ActiveCfg = Debug|Any CPU
		{A30979EA-35E9-0514-DA1C-58AE981BFC0C}.Debug|Any CPU.Build.0 = Debug|Any CPU
		{A30979EA-35E9-0514-DA1C-58AE981BFC0C}.Debug|x64.ActiveCfg = Debug|x64
		{A30979EA-35E9-0514-DA1C-58AE981BFC0C}.Debug|x64.Build.0 = Debug|x64
		{A30979EA-35E9-0514-DA1C-58AE981BFC0C}.Release|Any CPU.ActiveCfg = Release|Any CPU
		{A30979EA-35E9-0514-DA1C-58AE981BFC0C}.Release|Any CPU.Build.0 = Release|Any CPU
		{A30979EA-35E9-0514-DA1C-58AE981BFC0C}.Release|x64.ActiveCfg = Release|x64
		{A30979EA-35E9-0514-DA1C-58AE981BFC0C}.Release|x64.Build.0 = Release|x64
		{001943B1-E5E4-555F-DBEF-FD2CDF8AC61D}.Debug|Any CPU.ActiveCfg = Debug|Any CPU
		{001943B1-E5E4-555F-DBEF-FD2CDF8AC61D}.Debug|Any CPU.Build.0 = Debug|Any CPU
		{001943B1-E5E4-555F-DBEF-FD2CDF8AC61D}.Debug|x64.ActiveCfg = Debug|Any CPU
		{001943B1-E5E4-555F-DBEF-FD2CDF8AC61D}.Debug|x64.Build.0 = Debug|Any CPU
		{001943B1-E5E4-555F-DBEF-FD2CDF8AC61D}.Release|Any CPU.ActiveCfg = Release|Any CPU
		{001943B1-E5E4-555F-DBEF-FD2CDF8AC61D}.Release|Any CPU.Build.0 = Release|Any CPU
		{001943B1-E5E4-555F-DBEF-FD2CDF8AC61D}.Release|x64.ActiveCfg = Release|Any CPU
		{001943B1-E5E4-555F-DBEF-FD2CDF8AC61D}.Release|x64.Build.0 = Release|Any CPU
	EndGlobalSection
	GlobalSection(SolutionProperties) = preSolution
		HideSolutionNode = FALSE
	EndGlobalSection
	GlobalSection(ExtensibilityGlobals) = postSolution
		SolutionGuid = {EE4ED5DF-FCF7-40FD-8D97-CCB83A004D08}
	EndGlobalSection
EndGlobal
